{
    "_readme": [
        "This file locks the dependencies of your project to a known state",
        "Read more about it at https://getcomposer.org/doc/01-basic-usage.md#installing-dependencies",
        "This file is @generated automatically"
    ],
    "content-hash": "13b304e3bfc3ae92ad322e9bfcadd80f",
    "packages": [
        {
            "name": "symfony/console",
            "version": "v4.1.1",
            "source": {
                "type": "git",
                "url": "https://github.com/symfony/console.git",
                "reference": "70591cda56b4b47c55776ac78e157c4bb6c8b43f"
            },
            "dist": {
                "type": "zip",
                "url": "https://api.github.com/repos/symfony/console/zipball/70591cda56b4b47c55776ac78e157c4bb6c8b43f",
                "reference": "70591cda56b4b47c55776ac78e157c4bb6c8b43f",
                "shasum": ""
            },
            "require": {
                "php": "^7.1.3",
                "symfony/polyfill-mbstring": "~1.0"
            },
            "conflict": {
                "symfony/dependency-injection": "<3.4",
                "symfony/process": "<3.3"
            },
            "require-dev": {
                "psr/log": "~1.0",
                "symfony/config": "~3.4|~4.0",
                "symfony/dependency-injection": "~3.4|~4.0",
                "symfony/event-dispatcher": "~3.4|~4.0",
                "symfony/lock": "~3.4|~4.0",
                "symfony/process": "~3.4|~4.0"
            },
            "suggest": {
                "psr/log-implementation": "For using the console logger",
                "symfony/event-dispatcher": "",
                "symfony/lock": "",
                "symfony/process": ""
            },
            "type": "library",
            "extra": {
                "branch-alias": {
                    "dev-master": "4.1-dev"
                }
            },
            "autoload": {
                "psr-4": {
                    "Symfony\\Component\\Console\\": ""
                },
                "exclude-from-classmap": [
                    "/Tests/"
                ]
            },
            "notification-url": "https://packagist.org/downloads/",
            "license": [
                "MIT"
            ],
            "authors": [
                {
                    "name": "Fabien Potencier",
                    "email": "fabien@symfony.com"
                },
                {
                    "name": "Symfony Community",
                    "homepage": "https://symfony.com/contributors"
                }
            ],
            "description": "Symfony Console Component",
            "homepage": "https://symfony.com",
            "time": "2018-05-31T10:17:53+00:00"
        },
        {
            "name": "symfony/css-selector",
            "version": "v4.2.2",
            "source": {
                "type": "git",
                "url": "https://github.com/symfony/css-selector.git",
                "reference": "76dac1dbe2830213e95892c7c2ec1edd74113ea4"
            },
            "dist": {
                "type": "zip",
                "url": "https://api.github.com/repos/symfony/css-selector/zipball/76dac1dbe2830213e95892c7c2ec1edd74113ea4",
                "reference": "76dac1dbe2830213e95892c7c2ec1edd74113ea4",
                "shasum": ""
            },
            "require": {
                "php": "^7.1.3"
            },
            "type": "library",
            "extra": {
                "branch-alias": {
                    "dev-master": "4.2-dev"
                }
            },
            "autoload": {
                "psr-4": {
                    "Symfony\\Component\\CssSelector\\": ""
                },
                "exclude-from-classmap": [
                    "/Tests/"
                ]
            },
            "notification-url": "https://packagist.org/downloads/",
            "license": [
                "MIT"
            ],
            "authors": [
                {
                    "name": "Jean-François Simon",
                    "email": "jeanfrancois.simon@sensiolabs.com"
                },
                {
                    "name": "Fabien Potencier",
                    "email": "fabien@symfony.com"
                },
                {
                    "name": "Symfony Community",
                    "homepage": "https://symfony.com/contributors"
                }
            ],
            "description": "Symfony CssSelector Component",
            "homepage": "https://symfony.com",
            "time": "2019-01-03T09:07:35+00:00"
        },
        {
            "name": "symfony/dom-crawler",
            "version": "v4.2.2",
            "source": {
                "type": "git",
                "url": "https://github.com/symfony/dom-crawler.git",
                "reference": "8dc06251d5ad98d8494e1f742bec9cfdb9e42044"
            },
            "dist": {
                "type": "zip",
                "url": "https://api.github.com/repos/symfony/dom-crawler/zipball/8dc06251d5ad98d8494e1f742bec9cfdb9e42044",
                "reference": "8dc06251d5ad98d8494e1f742bec9cfdb9e42044",
                "shasum": ""
            },
            "require": {
                "php": "^7.1.3",
                "symfony/polyfill-ctype": "~1.8",
                "symfony/polyfill-mbstring": "~1.0"
            },
            "require-dev": {
                "symfony/css-selector": "~3.4|~4.0"
            },
            "suggest": {
                "symfony/css-selector": ""
            },
            "type": "library",
            "extra": {
                "branch-alias": {
                    "dev-master": "4.2-dev"
                }
            },
            "autoload": {
                "psr-4": {
                    "Symfony\\Component\\DomCrawler\\": ""
                },
                "exclude-from-classmap": [
                    "/Tests/"
                ]
            },
            "notification-url": "https://packagist.org/downloads/",
            "license": [
                "MIT"
            ],
            "authors": [
                {
                    "name": "Fabien Potencier",
                    "email": "fabien@symfony.com"
                },
                {
                    "name": "Symfony Community",
                    "homepage": "https://symfony.com/contributors"
                }
            ],
            "description": "Symfony DomCrawler Component",
            "homepage": "https://symfony.com",
            "time": "2019-01-03T09:07:35+00:00"
        },
        {
            "name": "symfony/polyfill-ctype",
            "version": "v1.10.0",
            "source": {
                "type": "git",
                "url": "https://github.com/symfony/polyfill-ctype.git",
                "reference": "e3d826245268269cd66f8326bd8bc066687b4a19"
            },
            "dist": {
                "type": "zip",
                "url": "https://api.github.com/repos/symfony/polyfill-ctype/zipball/e3d826245268269cd66f8326bd8bc066687b4a19",
                "reference": "e3d826245268269cd66f8326bd8bc066687b4a19",
                "shasum": ""
            },
            "require": {
                "php": ">=5.3.3"
            },
            "suggest": {
                "ext-ctype": "For best performance"
            },
            "type": "library",
            "extra": {
                "branch-alias": {
                    "dev-master": "1.9-dev"
                }
            },
            "autoload": {
                "psr-4": {
                    "Symfony\\Polyfill\\Ctype\\": ""
                },
                "files": [
                    "bootstrap.php"
                ]
            },
            "notification-url": "https://packagist.org/downloads/",
            "license": [
                "MIT"
            ],
            "authors": [
                {
                    "name": "Symfony Community",
                    "homepage": "https://symfony.com/contributors"
                },
                {
                    "name": "Gert de Pagter",
                    "email": "backendtea@gmail.com"
                }
            ],
            "description": "Symfony polyfill for ctype functions",
            "homepage": "https://symfony.com",
            "keywords": [
                "compatibility",
                "ctype",
                "polyfill",
                "portable"
            ],
            "time": "2018-08-06T14:22:27+00:00"
        },
        {
            "name": "symfony/polyfill-mbstring",
            "version": "v1.8.0",
            "source": {
                "type": "git",
                "url": "https://github.com/symfony/polyfill-mbstring.git",
                "reference": "3296adf6a6454a050679cde90f95350ad604b171"
            },
            "dist": {
                "type": "zip",
                "url": "https://api.github.com/repos/symfony/polyfill-mbstring/zipball/3296adf6a6454a050679cde90f95350ad604b171",
                "reference": "3296adf6a6454a050679cde90f95350ad604b171",
                "shasum": ""
            },
            "require": {
                "php": ">=5.3.3"
            },
            "suggest": {
                "ext-mbstring": "For best performance"
            },
            "type": "library",
            "extra": {
                "branch-alias": {
                    "dev-master": "1.8-dev"
                }
            },
            "autoload": {
                "psr-4": {
                    "Symfony\\Polyfill\\Mbstring\\": ""
                },
                "files": [
                    "bootstrap.php"
                ]
            },
            "notification-url": "https://packagist.org/downloads/",
            "license": [
                "MIT"
            ],
            "authors": [
                {
                    "name": "Nicolas Grekas",
                    "email": "p@tchwork.com"
                },
                {
                    "name": "Symfony Community",
                    "homepage": "https://symfony.com/contributors"
                }
            ],
            "description": "Symfony polyfill for the Mbstring extension",
            "homepage": "https://symfony.com",
            "keywords": [
                "compatibility",
                "mbstring",
                "polyfill",
                "portable",
                "shim"
            ],
            "time": "2018-04-26T10:06:28+00:00"
        }
    ],
    "packages-dev": [],
    "aliases": [],
    "minimum-stability": "stable",
    "stability-flags": [],
    "prefer-stable": false,
    "prefer-lowest": false,
    "platform": [],
    "platform-dev": []
}
